
Microsoft Visual Studio Solution File, Format Version 12.00
# Visual Studio 15
VisualStudioVersion = 15.0.26228.9
MinimumVisualStudioVersion = 10.0.40219.1
Project("{FAE04EC0-301F-11D3-BF4B-00C04F79EFBC}") = "NeoSystems.Tools", "NeoSystems.Tools\NeoSystems.Tools.csproj", "{9B95FC59-FBF1-4455-B0D5-9FC9FFA58221}"
EndProject
Global
	GlobalSection(SolutionConfigurationPlatforms) = preSolution
		Debug|Any CPU = Debug|Any CPU
		Release|Any CPU = Release|Any CPU
	EndGlobalSection
	GlobalSection(ProjectConfigurationPlatforms) = postSolution
		{9B95FC59-FBF1-4455-B0D5-9FC9FFA58221}.Debug|Any CPU.ActiveCfg = Debug|Any CPU
		{9B95FC59-FBF1-4455-B0D5-9FC9FFA58221}.Debug|Any CPU.Build.0 = Debug|Any CPU
		{9B95FC59-FBF1-4455-B0D5-9FC9FFA58221}.Release|Any CPU.ActiveCfg = Release|Any CPU
		{9B95FC59-FBF1-4455-B0D5-9FC9FFA58221}.Release|Any CPU.Build.0 = Release|Any CPU
	EndGlobalSection
	GlobalSection(SolutionProperties) = preSolution
		HideSolutionNode = FALSE
	EndGlobalSection
EndGlobal
